
Microsoft Visual Studio Solution File, Format Version 12.00
# Visual Studio Version 17
VisualStudioVersion = 17.9.34728.123
MinimumVisualStudioVersion = 10.0.40219.1
Project("{9A19103F-16F7-4668-BE54-9A1E7A4F7556}") = "TestEfCore", "TestEfCore\TestEfCore.csproj", "{19F658A7-A16C-4E48-846B-07403D3B6C71}"
EndProject
Project("{FAE04EC0-301F-11D3-BF4B-00C04F79EFBC}") = "LinqRelearn", "LinqRelearn\LinqRelearn.csproj", "{EB33C508-68B2-468D-9C39-B8522A7957AF}"
EndProject
Global
	GlobalSection(SolutionConfigurationPlatforms) = preSolution
		Debug|Any CPU = Debug|Any CPU
		Release|Any CPU = Release|Any CPU
	EndGlobalSection
	GlobalSection(ProjectConfigurationPlatforms) = postSolution
		{19F658A7-A16C-4E48-846B-07403D3B6C71}.Debug|Any CPU.ActiveCfg = Debug|Any CPU
		{19F658A7-A16C-4E48-846B-07403D3B6C71}.Debug|Any CPU.Build.0 = Debug|Any CPU
		{19F658A7-A16C-4E48-846B-07403D3B6C71}.Release|Any CPU.ActiveCfg = Release|Any CPU
		{19F658A7-A16C-4E48-846B-07403D3B6C71}.Release|Any CPU.Build.0 = Release|Any CPU
		{EB33C508-68B2-468D-9C39-B8522A7957AF}.Debug|Any CPU.ActiveCfg = Debug|Any CPU
		{EB33C508-68B2-468D-9C39-B8522A7957AF}.Debug|Any CPU.Build.0 = Debug|Any CPU
		{EB33C508-68B2-468D-9C39-B8522A7957AF}.Release|Any CPU.ActiveCfg = Release|Any CPU
		{EB33C508-68B2-468D-9C39-B8522A7957AF}.Release|Any CPU.Build.0 = Release|Any CPU
	EndGlobalSection
	GlobalSection(SolutionProperties) = preSolution
		HideSolutionNode = FALSE
	EndGlobalSection
	GlobalSection(ExtensibilityGlobals) = postSolution
		SolutionGuid = {0F603F4F-77E4-46AD-BCB6-6ECC31B82B5F}
	EndGlobalSection
EndGlobal
